
Microsoft Visual Studio Solution File, Format Version 12.00
# Visual Studio Version 17
VisualStudioVersion = 17.5.33627.172
MinimumVisualStudioVersion = 10.0.40219.1
Project("{FAE04EC0-301F-11D3-BF4B-00C04F79EFBC}") = "GlobalUsingsReproduction", "GlobalUsingsReproduction\GlobalUsingsReproduction.csproj", "{6E76FA9C-FF17-4E85-9829-FC9B21E24CA5}"
EndProject
Project("{9A19103F-16F7-4668-BE54-9A1E7A4F7556}") = "Wpf.Extensions.Hosting", "Wpf.Extensions.Hosting\Wpf.Extensions.Hosting.csproj", "{11BF7FF5-5C8C-4893-9153-CBF5C24DEE60}"
EndProject
Global
	GlobalSection(SolutionConfigurationPlatforms) = preSolution
		Debug|Any CPU = Debug|Any CPU
		Release|Any CPU = Release|Any CPU
	EndGlobalSection
	GlobalSection(ProjectConfigurationPlatforms) = postSolution
		{6E76FA9C-FF17-4E85-9829-FC9B21E24CA5}.Debug|Any CPU.ActiveCfg = Debug|Any CPU
		{6E76FA9C-FF17-4E85-9829-FC9B21E24CA5}.Debug|Any CPU.Build.0 = Debug|Any CPU
		{6E76FA9C-FF17-4E85-9829-FC9B21E24CA5}.Release|Any CPU.ActiveCfg = Release|Any CPU
		{6E76FA9C-FF17-4E85-9829-FC9B21E24CA5}.Release|Any CPU.Build.0 = Release|Any CPU
		{11BF7FF5-5C8C-4893-9153-CBF5C24DEE60}.Debug|Any CPU.ActiveCfg = Debug|Any CPU
		{11BF7FF5-5C8C-4893-9153-CBF5C24DEE60}.Debug|Any CPU.Build.0 = Debug|Any CPU
		{11BF7FF5-5C8C-4893-9153-CBF5C24DEE60}.Release|Any CPU.ActiveCfg = Release|Any CPU
		{11BF7FF5-5C8C-4893-9153-CBF5C24DEE60}.Release|Any CPU.Build.0 = Release|Any CPU
	EndGlobalSection
	GlobalSection(SolutionProperties) = preSolution
		HideSolutionNode = FALSE
	EndGlobalSection
	GlobalSection(ExtensibilityGlobals) = postSolution
		SolutionGuid = {70BBC407-BEBE-41BF-B4AB-2266644E9E89}
	EndGlobalSection
EndGlobal
